
Microsoft Visual Studio Solution File, Format Version 12.00
Project("{2150E333-8FDC-42A3-9474-1A3956D46DE8}") = "src", "src", "{3DA363CF-6110-42B2-B8C9-B8379A589121}"
EndProject
Project("{2150E333-8FDC-42A3-9474-1A3956D46DE8}") = "test", "test", "{5DF269F2-6727-4CC1-B495-BA5DF298CA89}"
EndProject
Project("{FAE04EC0-301F-11D3-BF4B-00C04F79EFBC}") = "Telegram.Bots", "src\Telegram.Bots\Telegram.Bots.csproj", "{5845D2DA-7480-4E64-9FA5-798C45C4957B}"
EndProject
Project("{FAE04EC0-301F-11D3-BF4B-00C04F79EFBC}") = "Telegram.Bots.Tests.Units", "test\Telegram.Bots.Tests.Units\Telegram.Bots.Tests.Units.csproj", "{2310B1CB-6FBC-4101-9A61-1A78CFFD4B81}"
EndProject
Global
	GlobalSection(SolutionConfigurationPlatforms) = preSolution
		Debug|Any CPU = Debug|Any CPU
		Release|Any CPU = Release|Any CPU
	EndGlobalSection
	GlobalSection(NestedProjects) = preSolution
		{5845D2DA-7480-4E64-9FA5-798C45C4957B} = {3DA363CF-6110-42B2-B8C9-B8379A589121}
		{2310B1CB-6FBC-4101-9A61-1A78CFFD4B81} = {5DF269F2-6727-4CC1-B495-BA5DF298CA89}
	EndGlobalSection
	GlobalSection(ProjectConfigurationPlatforms) = postSolution
		{5845D2DA-7480-4E64-9FA5-798C45C4957B}.Debug|Any CPU.ActiveCfg = Debug|Any CPU
		{5845D2DA-7480-4E64-9FA5-798C45C4957B}.Debug|Any CPU.Build.0 = Debug|Any CPU
		{5845D2DA-7480-4E64-9FA5-798C45C4957B}.Release|Any CPU.ActiveCfg = Release|Any CPU
		{5845D2DA-7480-4E64-9FA5-798C45C4957B}.Release|Any CPU.Build.0 = Release|Any CPU
		{2310B1CB-6FBC-4101-9A61-1A78CFFD4B81}.Debug|Any CPU.ActiveCfg = Debug|Any CPU
		{2310B1CB-6FBC-4101-9A61-1A78CFFD4B81}.Debug|Any CPU.Build.0 = Debug|Any CPU
		{2310B1CB-6FBC-4101-9A61-1A78CFFD4B81}.Release|Any CPU.ActiveCfg = Release|Any CPU
		{2310B1CB-6FBC-4101-9A61-1A78CFFD4B81}.Release|Any CPU.Build.0 = Release|Any CPU
	EndGlobalSection
EndGlobal
