
Microsoft Visual Studio Solution File, Format Version 12.00
Project("{2150E333-8FDC-42A3-9474-1A3956D46DE8}") = "src", "src", "{3DA363CF-6110-42B2-B8C9-B8379A589121}"
EndProject
Project("{FAE04EC0-301F-11D3-BF4B-00C04F79EFBC}") = "Telegram.Bots.Types", "src\Telegram.Bots.Types\Telegram.Bots.Types.csproj", "{B05BED33-C143-4269-B6C4-3B5EB76A9D17}"
EndProject
Project("{FAE04EC0-301F-11D3-BF4B-00C04F79EFBC}") = "Telegram.Bots.Abstractions", "src\Telegram.Bots.Abstractions\Telegram.Bots.Abstractions.csproj", "{BE6EBD57-1286-4CE1-A504-D04400AD9CC7}"
EndProject
Project("{FAE04EC0-301F-11D3-BF4B-00C04F79EFBC}") = "Telegram.Bots.Json", "src\Telegram.Bots.Json\Telegram.Bots.Json.csproj", "{371025E0-7160-49B5-AF13-861DC0555E4F}"
EndProject
Project("{2150E333-8FDC-42A3-9474-1A3956D46DE8}") = "test", "test", "{5DF269F2-6727-4CC1-B495-BA5DF298CA89}"
EndProject
Project("{FAE04EC0-301F-11D3-BF4B-00C04F79EFBC}") = "Telegram.Bots.Json.Tests.Units", "test\Telegram.Bots.Json.Tests.Units\Telegram.Bots.Json.Tests.Units.csproj", "{21000F42-49E8-4112-9BA9-E016700E54C1}"
EndProject
Project("{FAE04EC0-301F-11D3-BF4B-00C04F79EFBC}") = "Telegram.Bots.Requests", "src\Telegram.Bots.Requests\Telegram.Bots.Requests.csproj", "{A7A456AC-E6A3-4590-B6D3-C962DA3EA145}"
EndProject
Project("{FAE04EC0-301F-11D3-BF4B-00C04F79EFBC}") = "Telegram.Bots.Http", "src\Telegram.Bots.Http\Telegram.Bots.Http.csproj", "{FE4FD593-A8F6-4666-BB99-0FAA473A83F5}"
EndProject
Project("{FAE04EC0-301F-11D3-BF4B-00C04F79EFBC}") = "Telegram.Bots", "src\Telegram.Bots\Telegram.Bots.csproj", "{5845D2DA-7480-4E64-9FA5-798C45C4957B}"
EndProject
Project("{FAE04EC0-301F-11D3-BF4B-00C04F79EFBC}") = "Telegram.Bots.Extensions.AspNetCore", "src\Telegram.Bots.Extensions.AspNetCore\Telegram.Bots.Extensions.AspNetCore.csproj", "{7CB506F0-8DE8-451C-99FD-C7D9E1E4CBB6}"
EndProject
Project("{FAE04EC0-301F-11D3-BF4B-00C04F79EFBC}") = "Telegram.Bots.Extensions.Polling", "src\Telegram.Bots.Extensions.Polling\Telegram.Bots.Extensions.Polling.csproj", "{729D06D6-E899-4D45-A604-4656A40647FC}"
EndProject
Global
	GlobalSection(SolutionConfigurationPlatforms) = preSolution
		Debug|Any CPU = Debug|Any CPU
		Release|Any CPU = Release|Any CPU
	EndGlobalSection
	GlobalSection(NestedProjects) = preSolution
		{B05BED33-C143-4269-B6C4-3B5EB76A9D17} = {3DA363CF-6110-42B2-B8C9-B8379A589121}
		{BE6EBD57-1286-4CE1-A504-D04400AD9CC7} = {3DA363CF-6110-42B2-B8C9-B8379A589121}
		{371025E0-7160-49B5-AF13-861DC0555E4F} = {3DA363CF-6110-42B2-B8C9-B8379A589121}
		{21000F42-49E8-4112-9BA9-E016700E54C1} = {5DF269F2-6727-4CC1-B495-BA5DF298CA89}
		{A7A456AC-E6A3-4590-B6D3-C962DA3EA145} = {3DA363CF-6110-42B2-B8C9-B8379A589121}
		{FE4FD593-A8F6-4666-BB99-0FAA473A83F5} = {3DA363CF-6110-42B2-B8C9-B8379A589121}
		{5845D2DA-7480-4E64-9FA5-798C45C4957B} = {3DA363CF-6110-42B2-B8C9-B8379A589121}
		{7CB506F0-8DE8-451C-99FD-C7D9E1E4CBB6} = {3DA363CF-6110-42B2-B8C9-B8379A589121}
		{729D06D6-E899-4D45-A604-4656A40647FC} = {3DA363CF-6110-42B2-B8C9-B8379A589121}
	EndGlobalSection
	GlobalSection(ProjectConfigurationPlatforms) = postSolution
		{B05BED33-C143-4269-B6C4-3B5EB76A9D17}.Debug|Any CPU.ActiveCfg = Debug|Any CPU
		{B05BED33-C143-4269-B6C4-3B5EB76A9D17}.Debug|Any CPU.Build.0 = Debug|Any CPU
		{B05BED33-C143-4269-B6C4-3B5EB76A9D17}.Release|Any CPU.ActiveCfg = Release|Any CPU
		{B05BED33-C143-4269-B6C4-3B5EB76A9D17}.Release|Any CPU.Build.0 = Release|Any CPU
		{BE6EBD57-1286-4CE1-A504-D04400AD9CC7}.Debug|Any CPU.ActiveCfg = Debug|Any CPU
		{BE6EBD57-1286-4CE1-A504-D04400AD9CC7}.Debug|Any CPU.Build.0 = Debug|Any CPU
		{BE6EBD57-1286-4CE1-A504-D04400AD9CC7}.Release|Any CPU.ActiveCfg = Release|Any CPU
		{BE6EBD57-1286-4CE1-A504-D04400AD9CC7}.Release|Any CPU.Build.0 = Release|Any CPU
		{371025E0-7160-49B5-AF13-861DC0555E4F}.Debug|Any CPU.ActiveCfg = Debug|Any CPU
		{371025E0-7160-49B5-AF13-861DC0555E4F}.Debug|Any CPU.Build.0 = Debug|Any CPU
		{371025E0-7160-49B5-AF13-861DC0555E4F}.Release|Any CPU.ActiveCfg = Release|Any CPU
		{371025E0-7160-49B5-AF13-861DC0555E4F}.Release|Any CPU.Build.0 = Release|Any CPU
		{21000F42-49E8-4112-9BA9-E016700E54C1}.Debug|Any CPU.ActiveCfg = Debug|Any CPU
		{21000F42-49E8-4112-9BA9-E016700E54C1}.Debug|Any CPU.Build.0 = Debug|Any CPU
		{21000F42-49E8-4112-9BA9-E016700E54C1}.Release|Any CPU.ActiveCfg = Release|Any CPU
		{21000F42-49E8-4112-9BA9-E016700E54C1}.Release|Any CPU.Build.0 = Release|Any CPU
		{A7A456AC-E6A3-4590-B6D3-C962DA3EA145}.Debug|Any CPU.ActiveCfg = Debug|Any CPU
		{A7A456AC-E6A3-4590-B6D3-C962DA3EA145}.Debug|Any CPU.Build.0 = Debug|Any CPU
		{A7A456AC-E6A3-4590-B6D3-C962DA3EA145}.Release|Any CPU.ActiveCfg = Release|Any CPU
		{A7A456AC-E6A3-4590-B6D3-C962DA3EA145}.Release|Any CPU.Build.0 = Release|Any CPU
		{FE4FD593-A8F6-4666-BB99-0FAA473A83F5}.Debug|Any CPU.ActiveCfg = Debug|Any CPU
		{FE4FD593-A8F6-4666-BB99-0FAA473A83F5}.Debug|Any CPU.Build.0 = Debug|Any CPU
		{FE4FD593-A8F6-4666-BB99-0FAA473A83F5}.Release|Any CPU.ActiveCfg = Release|Any CPU
		{FE4FD593-A8F6-4666-BB99-0FAA473A83F5}.Release|Any CPU.Build.0 = Release|Any CPU
		{5845D2DA-7480-4E64-9FA5-798C45C4957B}.Debug|Any CPU.ActiveCfg = Debug|Any CPU
		{5845D2DA-7480-4E64-9FA5-798C45C4957B}.Debug|Any CPU.Build.0 = Debug|Any CPU
		{5845D2DA-7480-4E64-9FA5-798C45C4957B}.Release|Any CPU.ActiveCfg = Release|Any CPU
		{5845D2DA-7480-4E64-9FA5-798C45C4957B}.Release|Any CPU.Build.0 = Release|Any CPU
		{7CB506F0-8DE8-451C-99FD-C7D9E1E4CBB6}.Debug|Any CPU.ActiveCfg = Debug|Any CPU
		{7CB506F0-8DE8-451C-99FD-C7D9E1E4CBB6}.Debug|Any CPU.Build.0 = Debug|Any CPU
		{7CB506F0-8DE8-451C-99FD-C7D9E1E4CBB6}.Release|Any CPU.ActiveCfg = Release|Any CPU
		{7CB506F0-8DE8-451C-99FD-C7D9E1E4CBB6}.Release|Any CPU.Build.0 = Release|Any CPU
		{729D06D6-E899-4D45-A604-4656A40647FC}.Debug|Any CPU.ActiveCfg = Debug|Any CPU
		{729D06D6-E899-4D45-A604-4656A40647FC}.Debug|Any CPU.Build.0 = Debug|Any CPU
		{729D06D6-E899-4D45-A604-4656A40647FC}.Release|Any CPU.ActiveCfg = Release|Any CPU
		{729D06D6-E899-4D45-A604-4656A40647FC}.Release|Any CPU.Build.0 = Release|Any CPU
	EndGlobalSection
EndGlobal
